
Microsoft Visual Studio Solution File, Format Version 12.00
# Visual Studio Version 17
VisualStudioVersion = 17.13.35931.197
MinimumVisualStudioVersion = 10.0.40219.1
Project("{FAE04EC0-301F-11D3-BF4B-00C04F79EFBC}") = "ExamManagmentSystem", "ExamManagmentSystem.csproj", "{B81D832E-7887-4E1A-8DB3-1F26E8AA1ED6}"
EndProject
Global
	GlobalSection(SolutionConfigurationPlatforms) = preSolution
		Debug|Any CPU = Debug|Any CPU
		Release|Any CPU = Release|Any CPU
	EndGlobalSection
	GlobalSection(ProjectConfigurationPlatforms) = postSolution
		{B81D832E-7887-4E1A-8DB3-1F26E8AA1ED6}.Debug|Any CPU.ActiveCfg = Debug|Any CPU
		{B81D832E-7887-4E1A-8DB3-1F26E8AA1ED6}.Debug|Any CPU.Build.0 = Debug|Any CPU
		{B81D832E-7887-4E1A-8DB3-1F26E8AA1ED6}.Release|Any CPU.ActiveCfg = Release|Any CPU
		{B81D832E-7887-4E1A-8DB3-1F26E8AA1ED6}.Release|Any CPU.Build.0 = Release|Any CPU
	EndGlobalSection
	GlobalSection(SolutionProperties) = preSolution
		HideSolutionNode = FALSE
	EndGlobalSection
	GlobalSection(ExtensibilityGlobals) = postSolution
		SolutionGuid = {EADC9C7B-2B6A-41AD-875B-C0AB22B3D48A}
	EndGlobalSection
EndGlobal
